<?xml version="1.0" encoding="utf-8"?>
<Project ToolsVersion="4.0" xmlns="http://schemas.microsoft.com/developer/msbuild/2003">
  <ItemGroup>
    <Filter Include="Source Files">
      <UniqueIdentifier>{4FC737F1-C7A5-4376-A066-2A32D752A2FF}</UniqueIdentifier>
      <Extensions>cpp;c;cc;cxx;c++;cppm;ixx;def;odl;idl;hpj;bat;asm;asmx</Extensions>
    </Filter>
    <Filter Include="Header Files">
      <UniqueIdentifier>{93995380-89BD-4b04-88EB-625FBE52EBFB}</UniqueIdentifier>
      <Extensions>h;hh;hpp;hxx;h++;hm;inl;inc;ipp;xsd</Extensions>
    </Filter>
    <Filter Include="Resource Files">
      <UniqueIdentifier>{67DA6AB6-F800-4c08-8B7A-83BB121AAD01}</UniqueIdentifier>
      <Extensions>rc;ico;cur;bmp;dlg;rc2;rct;bin;rgs;gif;jpg;jpeg;jpe;resx;tiff;tif;png;wav;mfcribbon-ms</Extensions>
    </Filter>
  </ItemGroup>
  <ItemGroup>
    <ClInclude Include="..\ControlCalibration\controlCalib.h">
      <Filter>Header Files</Filter>
    </ClInclude>
    <ClInclude Include="..\scan_and_process\A3200_functions.h">
      <Filter>Header Files</Filter>
    </ClInclude>
    <ClInclude Include="..\scan_and_process\constants.h">
      <Filter>Header Files</Filter>
    </ClInclude>
    <ClInclude Include="..\scan_and_process\csvMat.h">
      <Filter>Header Files</Filter>
    </ClInclude>
    <ClInclude Include="..\scan_and_process\cvPlot_functions.h">
      <Filter>Header Files</Filter>
    </ClInclude>
    <ClInclude Include="..\scan_and_process\draw.h">
      <Filter>Header Files</Filter>
    </ClInclude>
    <ClInclude Include="..\scan_and_process\errors.h">
      <Filter>Header Files</Filter>
    </ClInclude>
    <ClInclude Include="..\scan_and_process\extrusion.h">
      <Filter>Header Files</Filter>
    </ClInclude>
    <ClInclude Include="..\scan_and_process\gaussianSmooth.h">
      <Filter>Header Files</Filter>
    </ClInclude>
    <ClInclude Include="..\scan_and_process\myGlobals.h">
      <Filter>Header Files</Filter>
    </ClInclude>
    <ClInclude Include="..\scan_and_process\myTypes.h">
      <Filter>Header Files</Filter>
    </ClInclude>
    <ClInclude Include="..\scan_and_process\path.h">
      <Filter>Header Files</Filter>
    </ClInclude>
    <ClInclude Include="..\scan_and_process\print.h">
      <Filter>Header Files</Filter>
    </ClInclude>
    <ClInclude Include="..\scan_and_process\raster.h">
      <Filter>Header Files</Filter>
    </ClInclude>
    <ClInclude Include="..\scan_and_process\scanning.h">
      <Filter>Header Files</Filter>
    </ClInclude>
    <ClInclude Include="..\scan_and_process\thread_functions.h">
      <Filter>Header Files</Filter>
    </ClInclude>
    <ClInclude Include="..\scan_and_process\threadsafeQueue.h">
      <Filter>Header Files</Filter>
    </ClInclude>
  </ItemGroup>
  <ItemGroup>
    <ClCompile Include="..\scan_and_process\A3200_functions.cpp">
      <Filter>Source Files</Filter>
    </ClCompile>
    <ClCompile Include="..\scan_and_process\csvMat.cpp">
      <Filter>Source Files</Filter>
    </ClCompile>
    <ClCompile Include="..\scan_and_process\cvPlot_functions.cpp">
      <Filter>Source Files</Filter>
    </ClCompile>
    <ClCompile Include="..\scan_and_process\draw.cpp">
      <Filter>Source Files</Filter>
    </ClCompile>
    <ClCompile Include="..\scan_and_process\errors.cpp">
      <Filter>Source Files</Filter>
    </ClCompile>
    <ClCompile Include="..\scan_and_process\gaussianSmooth.cpp">
      <Filter>Source Files</Filter>
    </ClCompile>
    <ClCompile Include="..\scan_and_process\myGlobals.cpp">
      <Filter>Source Files</Filter>
    </ClCompile>
    <ClCompile Include="..\scan_and_process\path.cpp">
      <Filter>Source Files</Filter>
    </ClCompile>
    <ClCompile Include="..\scan_and_process\print.cpp">
      <Filter>Source Files</Filter>
    </ClCompile>
    <ClCompile Include="..\scan_and_process\scanning.cpp">
      <Filter>Source Files</Filter>
    </ClCompile>
    <ClCompile Include="..\scan_and_process\thread_functions.cpp">
      <Filter>Source Files</Filter>
    </ClCompile>
    <ClCompile Include="..\ControlCalibration\controlCalib.cpp">
      <Filter>Source Files</Filter>
    </ClCompile>
    <ClCompile Include="main.cpp">
      <Filter>Source Files</Filter>
    </ClCompile>
  </ItemGroup>
</Project>