<?xml version="1.0" encoding="utf-8"?>
<Project ToolsVersion="4.0" xmlns="http://schemas.microsoft.com/developer/msbuild/2003">
  <ItemGroup>
    <Filter Include="Source Files">
      <UniqueIdentifier>{4FC737F1-C7A5-4376-A066-2A32D752A2FF}</UniqueIdentifier>
      <Extensions>cpp;c;cc;cxx;c++;cppm;ixx;def;odl;idl;hpj;bat;asm;asmx</Extensions>
    </Filter>
    <Filter Include="Header Files">
      <UniqueIdentifier>{93995380-89BD-4b04-88EB-625FBE52EBFB}</UniqueIdentifier>
      <Extensions>h;hh;hpp;hxx;h++;hm;inl;inc;ipp;xsd</Extensions>
    </Filter>
    <Filter Include="Resource Files">
      <UniqueIdentifier>{67DA6AB6-F800-4c08-8B7A-83BB121AAD01}</UniqueIdentifier>
      <Extensions>rc;ico;cur;bmp;dlg;rc2;rct;bin;rgs;gif;jpg;jpeg;jpe;resx;tiff;tif;png;wav;mfcribbon-ms</Extensions>
    </Filter>
  </ItemGroup>
  <ItemGroup>
    <ClCompile Include="main.cpp">
      <Filter>Source Files</Filter>
    </ClCompile>
    <ClCompile Include="..\Robert\src\A3200_functions.cpp">
      <Filter>Source Files</Filter>
    </ClCompile>
    <ClCompile Include="..\Robert\src\csvMat.cpp">
      <Filter>Source Files</Filter>
    </ClCompile>
    <ClCompile Include="..\Robert\src\cvPlot_functions.cpp">
      <Filter>Source Files</Filter>
    </ClCompile>
    <ClCompile Include="..\Robert\src\draw.cpp">
      <Filter>Source Files</Filter>
    </ClCompile>
    <ClCompile Include="..\Robert\src\errors.cpp">
      <Filter>Source Files</Filter>
    </ClCompile>
    <ClCompile Include="..\Robert\src\gaussianSmooth.cpp">
      <Filter>Source Files</Filter>
    </ClCompile>
    <ClCompile Include="..\Robert\src\myGlobals.cpp">
      <Filter>Source Files</Filter>
    </ClCompile>
    <ClCompile Include="..\Robert\src\path.cpp">
      <Filter>Source Files</Filter>
    </ClCompile>
    <ClCompile Include="..\Robert\src\print.cpp">
      <Filter>Source Files</Filter>
    </ClCompile>
    <ClCompile Include="..\Robert\src\scanning.cpp">
      <Filter>Source Files</Filter>
    </ClCompile>
    <ClCompile Include="..\Robert\src\thread_functions.cpp">
      <Filter>Source Files</Filter>
    </ClCompile>
    <ClCompile Include="..\Robert\src\controlCalib.cpp">
      <Filter>Source Files</Filter>
    </ClCompile>
  </ItemGroup>
  <ItemGroup>
    <ClInclude Include="..\Robert\include\A3200_functions.h">
      <Filter>Header Files</Filter>
    </ClInclude>
    <ClInclude Include="..\Robert\include\constants.h">
      <Filter>Header Files</Filter>
    </ClInclude>
    <ClInclude Include="..\Robert\include\controller.h">
      <Filter>Header Files</Filter>
    </ClInclude>
    <ClInclude Include="..\Robert\include\csvMat.h">
      <Filter>Header Files</Filter>
    </ClInclude>
    <ClInclude Include="..\Robert\include\cvPlot_functions.h">
      <Filter>Header Files</Filter>
    </ClInclude>
    <ClInclude Include="..\Robert\include\draw.h">
      <Filter>Header Files</Filter>
    </ClInclude>
    <ClInclude Include="..\Robert\include\errors.h">
      <Filter>Header Files</Filter>
    </ClInclude>
    <ClInclude Include="..\Robert\include\extrusion.h">
      <Filter>Header Files</Filter>
    </ClInclude>
    <ClInclude Include="..\Robert\include\gaussianSmooth.h">
      <Filter>Header Files</Filter>
    </ClInclude>
    <ClInclude Include="..\Robert\include\myGlobals.h">
      <Filter>Header Files</Filter>
    </ClInclude>
    <ClInclude Include="..\Robert\include\myTypes.h">
      <Filter>Header Files</Filter>
    </ClInclude>
    <ClInclude Include="..\Robert\include\path.h">
      <Filter>Header Files</Filter>
    </ClInclude>
    <ClInclude Include="..\Robert\include\print.h">
      <Filter>Header Files</Filter>
    </ClInclude>
    <ClInclude Include="..\Robert\include\raster.h">
      <Filter>Header Files</Filter>
    </ClInclude>
    <ClInclude Include="..\Robert\include\scanning.h">
      <Filter>Header Files</Filter>
    </ClInclude>
    <ClInclude Include="..\Robert\include\thread_functions.h">
      <Filter>Header Files</Filter>
    </ClInclude>
    <ClInclude Include="..\Robert\include\threadsafeQueue.h">
      <Filter>Header Files</Filter>
    </ClInclude>
    <ClInclude Include="..\Robert\include\controlCalib.h">
      <Filter>Header Files</Filter>
    </ClInclude>
    <ClInclude Include="..\Robert\include\MaterialModel.h">
      <Filter>Header Files</Filter>
    </ClInclude>
  </ItemGroup>
</Project>